
Microsoft Visual Studio Solution File, Format Version 12.00
# Visual Studio Version 16
VisualStudioVersion = 16.0.30320.27
MinimumVisualStudioVersion = 10.0.40219.1
Project("{2150E333-8FDC-42A3-9474-1A3956D46DE8}") = "Back-End", "Back-End", "{25DC60C8-AC6E-4B6D-92FA-E3432919CBD0}"
EndProject
Project("{2150E333-8FDC-42A3-9474-1A3956D46DE8}") = "Front-End", "Front-End", "{996F0999-B249-47F5-99C2-CD6A2A2459B8}"
EndProject
Project("{2150E333-8FDC-42A3-9474-1A3956D46DE8}") = "Common", "Common", "{6378BFCE-7754-4B8F-9F4F-85317F392189}"
EndProject
Project("{9A19103F-16F7-4668-BE54-9A1E7A4F7556}") = "Common.Infrastructure", "Designer-Back-End\Common.Infrastructure\Common.Infrastructure.csproj", "{EFE34340-30C2-4131-B844-A972343A9825}"
EndProject
Project("{9A19103F-16F7-4668-BE54-9A1E7A4F7556}") = "Common.Shared", "Designer-Back-End\Common.Shared\Common.Shared.csproj", "{232BB0D0-5DC4-4F99-9C35-78182FB39317}"
EndProject
Project("{9A19103F-16F7-4668-BE54-9A1E7A4F7556}") = "ARDZ.Core", "Designer-Back-End\OPP.Core\ARDZ.Core.csproj", "{AAD5F0F6-56B0-4EAF-B714-0A9CD921ADD9}"
EndProject
Project("{9A19103F-16F7-4668-BE54-9A1E7A4F7556}") = "ARDZ.WebApi", "Designer-Back-End\OPP.WebApi\ARDZ.WebApi.csproj", "{C277A423-AC5A-4A7B-A6AC-B513A3F94B6E}"
EndProject
Project("{E24C65DC-7377-472B-9ABA-BC803B73C61A}") = "WEB-Admin-App", "Designer-Front-End\OPP.Web\WEB-Admin-App\", "{B651E4F6-A9AE-4D01-BB6C-C22C23ADBEE5}"
	ProjectSection(WebsiteProperties) = preProject
		TargetFrameworkMoniker = ".NETFramework,Version%3Dv4.0"
		Debug.AspNetCompiler.VirtualPath = "/localhost_59244"
		Debug.AspNetCompiler.PhysicalPath = "Designer-Front-End\OPP.Web\WEB-Admin-App\"
		Debug.AspNetCompiler.TargetPath = "PrecompiledWeb\localhost_59244\"
		Debug.AspNetCompiler.Updateable = "true"
		Debug.AspNetCompiler.ForceOverwrite = "true"
		Debug.AspNetCompiler.FixedNames = "false"
		Debug.AspNetCompiler.Debug = "True"
		Release.AspNetCompiler.VirtualPath = "/localhost_59244"
		Release.AspNetCompiler.PhysicalPath = "Designer-Front-End\OPP.Web\WEB-Admin-App\"
		Release.AspNetCompiler.TargetPath = "PrecompiledWeb\localhost_59244\"
		Release.AspNetCompiler.Updateable = "true"
		Release.AspNetCompiler.ForceOverwrite = "true"
		Release.AspNetCompiler.FixedNames = "false"
		Release.AspNetCompiler.Debug = "False"
		VWDPort = "59244"
		SlnRelativePath = "Designer-Front-End\OPP.Web\WEB-Admin-App\"
	EndProjectSection
EndProject
Project("{9A19103F-16F7-4668-BE54-9A1E7A4F7556}") = "ServerFile", "ServerFile\ServerFile.csproj", "{6C861592-38F3-4556-9322-CCE811718103}"
EndProject
Global
	GlobalSection(SolutionConfigurationPlatforms) = preSolution
		Debug|Any CPU = Debug|Any CPU
		Release|Any CPU = Release|Any CPU
	EndGlobalSection
	GlobalSection(ProjectConfigurationPlatforms) = postSolution
		{EFE34340-30C2-4131-B844-A972343A9825}.Debug|Any CPU.ActiveCfg = Debug|Any CPU
		{EFE34340-30C2-4131-B844-A972343A9825}.Debug|Any CPU.Build.0 = Debug|Any CPU
		{EFE34340-30C2-4131-B844-A972343A9825}.Release|Any CPU.ActiveCfg = Release|Any CPU
		{EFE34340-30C2-4131-B844-A972343A9825}.Release|Any CPU.Build.0 = Release|Any CPU
		{232BB0D0-5DC4-4F99-9C35-78182FB39317}.Debug|Any CPU.ActiveCfg = Debug|Any CPU
		{232BB0D0-5DC4-4F99-9C35-78182FB39317}.Debug|Any CPU.Build.0 = Debug|Any CPU
		{232BB0D0-5DC4-4F99-9C35-78182FB39317}.Release|Any CPU.ActiveCfg = Release|Any CPU
		{232BB0D0-5DC4-4F99-9C35-78182FB39317}.Release|Any CPU.Build.0 = Release|Any CPU
		{AAD5F0F6-56B0-4EAF-B714-0A9CD921ADD9}.Debug|Any CPU.ActiveCfg = Debug|Any CPU
		{AAD5F0F6-56B0-4EAF-B714-0A9CD921ADD9}.Debug|Any CPU.Build.0 = Debug|Any CPU
		{AAD5F0F6-56B0-4EAF-B714-0A9CD921ADD9}.Release|Any CPU.ActiveCfg = Release|Any CPU
		{AAD5F0F6-56B0-4EAF-B714-0A9CD921ADD9}.Release|Any CPU.Build.0 = Release|Any CPU
		{C277A423-AC5A-4A7B-A6AC-B513A3F94B6E}.Debug|Any CPU.ActiveCfg = Debug|Any CPU
		{C277A423-AC5A-4A7B-A6AC-B513A3F94B6E}.Debug|Any CPU.Build.0 = Debug|Any CPU
		{C277A423-AC5A-4A7B-A6AC-B513A3F94B6E}.Release|Any CPU.ActiveCfg = Release|Any CPU
		{C277A423-AC5A-4A7B-A6AC-B513A3F94B6E}.Release|Any CPU.Build.0 = Release|Any CPU
		{B651E4F6-A9AE-4D01-BB6C-C22C23ADBEE5}.Debug|Any CPU.ActiveCfg = Debug|Any CPU
		{B651E4F6-A9AE-4D01-BB6C-C22C23ADBEE5}.Debug|Any CPU.Build.0 = Debug|Any CPU
		{B651E4F6-A9AE-4D01-BB6C-C22C23ADBEE5}.Release|Any CPU.ActiveCfg = Debug|Any CPU
		{B651E4F6-A9AE-4D01-BB6C-C22C23ADBEE5}.Release|Any CPU.Build.0 = Debug|Any CPU
		{6C861592-38F3-4556-9322-CCE811718103}.Debug|Any CPU.ActiveCfg = Debug|Any CPU
		{6C861592-38F3-4556-9322-CCE811718103}.Debug|Any CPU.Build.0 = Debug|Any CPU
		{6C861592-38F3-4556-9322-CCE811718103}.Release|Any CPU.ActiveCfg = Release|Any CPU
		{6C861592-38F3-4556-9322-CCE811718103}.Release|Any CPU.Build.0 = Release|Any CPU
	EndGlobalSection
	GlobalSection(SolutionProperties) = preSolution
		HideSolutionNode = FALSE
	EndGlobalSection
	GlobalSection(NestedProjects) = preSolution
		{6378BFCE-7754-4B8F-9F4F-85317F392189} = {25DC60C8-AC6E-4B6D-92FA-E3432919CBD0}
		{EFE34340-30C2-4131-B844-A972343A9825} = {6378BFCE-7754-4B8F-9F4F-85317F392189}
		{232BB0D0-5DC4-4F99-9C35-78182FB39317} = {6378BFCE-7754-4B8F-9F4F-85317F392189}
		{AAD5F0F6-56B0-4EAF-B714-0A9CD921ADD9} = {25DC60C8-AC6E-4B6D-92FA-E3432919CBD0}
		{C277A423-AC5A-4A7B-A6AC-B513A3F94B6E} = {25DC60C8-AC6E-4B6D-92FA-E3432919CBD0}
		{B651E4F6-A9AE-4D01-BB6C-C22C23ADBEE5} = {996F0999-B249-47F5-99C2-CD6A2A2459B8}
	EndGlobalSection
	GlobalSection(ExtensibilityGlobals) = postSolution
		SolutionGuid = {BAB95873-DE30-4613-B4B6-088110512BD9}
	EndGlobalSection
EndGlobal
